
Microsoft Visual Studio Solution File, Format Version 12.00
# Visual Studio 2013
VisualStudioVersion = 12.0.31101.0
MinimumVisualStudioVersion = 10.0.40219.1
Project("{FAE04EC0-301F-11D3-BF4B-00C04F79EFBC}") = "Guebot", "Guebot\Guebot.csproj", "{ABE6ED50-F42D-4F30-9DB3-1337A85A398E}"
EndProject
Project("{FAE04EC0-301F-11D3-BF4B-00C04F79EFBC}") = "GuebotLib", "GuebotLib\GuebotLib.csproj", "{3DF73025-ABBD-4F36-8978-8AFB728139C2}"
EndProject
Project("{FAE04EC0-301F-11D3-BF4B-00C04F79EFBC}") = "GuebotEntities", "GuebotEntities\GuebotEntities.csproj", "{21DA07C0-AA9C-49AC-9746-81E7A1EDB52D}"
EndProject
Global
	GlobalSection(SolutionConfigurationPlatforms) = preSolution
		Debug|Any CPU = Debug|Any CPU
		Release|Any CPU = Release|Any CPU
	EndGlobalSection
	GlobalSection(ProjectConfigurationPlatforms) = postSolution
		{ABE6ED50-F42D-4F30-9DB3-1337A85A398E}.Debug|Any CPU.ActiveCfg = Debug|Any CPU
		{ABE6ED50-F42D-4F30-9DB3-1337A85A398E}.Debug|Any CPU.Build.0 = Debug|Any CPU
		{ABE6ED50-F42D-4F30-9DB3-1337A85A398E}.Release|Any CPU.ActiveCfg = Release|Any CPU
		{ABE6ED50-F42D-4F30-9DB3-1337A85A398E}.Release|Any CPU.Build.0 = Release|Any CPU
		{3DF73025-ABBD-4F36-8978-8AFB728139C2}.Debug|Any CPU.ActiveCfg = Debug|Any CPU
		{3DF73025-ABBD-4F36-8978-8AFB728139C2}.Debug|Any CPU.Build.0 = Debug|Any CPU
		{3DF73025-ABBD-4F36-8978-8AFB728139C2}.Release|Any CPU.ActiveCfg = Release|Any CPU
		{3DF73025-ABBD-4F36-8978-8AFB728139C2}.Release|Any CPU.Build.0 = Release|Any CPU
		{21DA07C0-AA9C-49AC-9746-81E7A1EDB52D}.Debug|Any CPU.ActiveCfg = Debug|Any CPU
		{21DA07C0-AA9C-49AC-9746-81E7A1EDB52D}.Debug|Any CPU.Build.0 = Debug|Any CPU
		{21DA07C0-AA9C-49AC-9746-81E7A1EDB52D}.Release|Any CPU.ActiveCfg = Release|Any CPU
		{21DA07C0-AA9C-49AC-9746-81E7A1EDB52D}.Release|Any CPU.Build.0 = Release|Any CPU
	EndGlobalSection
	GlobalSection(SolutionProperties) = preSolution
		HideSolutionNode = FALSE
	EndGlobalSection
EndGlobal
